
Microsoft Visual Studio Solution File, Format Version 12.00
# Visual Studio 2013
VisualStudioVersion = 12.0.30723.0
MinimumVisualStudioVersion = 10.0.40219.1
Project("{F2A71F9B-5D33-465A-A702-920D77279786}") = "FloydAlgorithm", "FloydAlgorithm\FloydAlgorithm.fsproj", "{AF70A8B1-FA91-43EA-B22E-94D260E8BD43}"
EndProject
Global
	GlobalSection(SolutionConfigurationPlatforms) = preSolution
		Debug|Any CPU = Debug|Any CPU
		Release|Any CPU = Release|Any CPU
	EndGlobalSection
	GlobalSection(ProjectConfigurationPlatforms) = postSolution
		{AF70A8B1-FA91-43EA-B22E-94D260E8BD43}.Debug|Any CPU.ActiveCfg = Debug|Any CPU
		{AF70A8B1-FA91-43EA-B22E-94D260E8BD43}.Debug|Any CPU.Build.0 = Debug|Any CPU
		{AF70A8B1-FA91-43EA-B22E-94D260E8BD43}.Release|Any CPU.ActiveCfg = Release|Any CPU
		{AF70A8B1-FA91-43EA-B22E-94D260E8BD43}.Release|Any CPU.Build.0 = Release|Any CPU
	EndGlobalSection
	GlobalSection(SolutionProperties) = preSolution
		HideSolutionNode = FALSE
	EndGlobalSection
EndGlobal
