
Microsoft Visual Studio Solution File, Format Version 12.00
# Visual Studio 2013
VisualStudioVersion = 12.0.30723.0
MinimumVisualStudioVersion = 10.0.40219.1
Project("{FAE04EC0-301F-11D3-BF4B-00C04F79EFBC}") = "Ext.Algorithms", "Ext.Algorithms\Ext.Algorithms.csproj", "{C0813D00-0EC6-4731-95DD-3E010B5C268E}"
EndProject
Project("{FAE04EC0-301F-11D3-BF4B-00C04F79EFBC}") = "Ext.Algorithms.BFS", "Ext.Algorithms.BFS\Ext.Algorithms.BFS.csproj", "{B87600E4-94DD-44AF-9CE6-C72AE846F0F6}"
EndProject
Project("{FAE04EC0-301F-11D3-BF4B-00C04F79EFBC}") = "Ext.Algorithms.Core", "Ext.Algorithms.Core\Ext.Algorithms.Core.csproj", "{48679A7D-2767-4599-B88B-B8C1A1D31D4A}"
EndProject
Project("{FAE04EC0-301F-11D3-BF4B-00C04F79EFBC}") = "Ext.Algorithms.Common", "Ext.Algorithms.Common\Ext.Algorithms.Common.csproj", "{D38C1F03-7C55-403A-8D72-8EB2FCD9A632}"
EndProject
Global
	GlobalSection(SolutionConfigurationPlatforms) = preSolution
		Debug|Any CPU = Debug|Any CPU
		Release|Any CPU = Release|Any CPU
	EndGlobalSection
	GlobalSection(ProjectConfigurationPlatforms) = postSolution
		{C0813D00-0EC6-4731-95DD-3E010B5C268E}.Debug|Any CPU.ActiveCfg = Debug|Any CPU
		{C0813D00-0EC6-4731-95DD-3E010B5C268E}.Debug|Any CPU.Build.0 = Debug|Any CPU
		{C0813D00-0EC6-4731-95DD-3E010B5C268E}.Release|Any CPU.ActiveCfg = Release|Any CPU
		{C0813D00-0EC6-4731-95DD-3E010B5C268E}.Release|Any CPU.Build.0 = Release|Any CPU
		{B87600E4-94DD-44AF-9CE6-C72AE846F0F6}.Debug|Any CPU.ActiveCfg = Debug|Any CPU
		{B87600E4-94DD-44AF-9CE6-C72AE846F0F6}.Debug|Any CPU.Build.0 = Debug|Any CPU
		{B87600E4-94DD-44AF-9CE6-C72AE846F0F6}.Release|Any CPU.ActiveCfg = Release|Any CPU
		{B87600E4-94DD-44AF-9CE6-C72AE846F0F6}.Release|Any CPU.Build.0 = Release|Any CPU
		{48679A7D-2767-4599-B88B-B8C1A1D31D4A}.Debug|Any CPU.ActiveCfg = Debug|Any CPU
		{48679A7D-2767-4599-B88B-B8C1A1D31D4A}.Debug|Any CPU.Build.0 = Debug|Any CPU
		{48679A7D-2767-4599-B88B-B8C1A1D31D4A}.Release|Any CPU.ActiveCfg = Release|Any CPU
		{48679A7D-2767-4599-B88B-B8C1A1D31D4A}.Release|Any CPU.Build.0 = Release|Any CPU
		{D38C1F03-7C55-403A-8D72-8EB2FCD9A632}.Debug|Any CPU.ActiveCfg = Debug|Any CPU
		{D38C1F03-7C55-403A-8D72-8EB2FCD9A632}.Debug|Any CPU.Build.0 = Debug|Any CPU
		{D38C1F03-7C55-403A-8D72-8EB2FCD9A632}.Release|Any CPU.ActiveCfg = Release|Any CPU
		{D38C1F03-7C55-403A-8D72-8EB2FCD9A632}.Release|Any CPU.Build.0 = Release|Any CPU
	EndGlobalSection
	GlobalSection(SolutionProperties) = preSolution
		HideSolutionNode = FALSE
	EndGlobalSection
EndGlobal
