
Microsoft Visual Studio Solution File, Format Version 12.00
# Visual Studio 2013
VisualStudioVersion = 12.0.30723.0
MinimumVisualStudioVersion = 10.0.40219.1
Project("{FAE04EC0-301F-11D3-BF4B-00C04F79EFBC}") = "Ext.Algs.App", "Ext.Algs.App\Ext.Algs.App.csproj", "{6816CBC9-A0BC-4978-A5FE-E98C1B718031}"
EndProject
Project("{FAE04EC0-301F-11D3-BF4B-00C04F79EFBC}") = "Ext.Algs.ExerciseOne", "Ext.Algs.ExerciseOne\Ext.Algs.ExerciseOne.csproj", "{98E28C2D-75EF-4954-921B-734FABBD5987}"
EndProject
Project("{FAE04EC0-301F-11D3-BF4B-00C04F79EFBC}") = "Ext.Algs.Common", "Ext.Algs.Common\Ext.Algs.Common.csproj", "{0050B517-7A7B-479A-8E02-41256F421A63}"
EndProject
Global
	GlobalSection(SolutionConfigurationPlatforms) = preSolution
		Debug|Any CPU = Debug|Any CPU
		Release|Any CPU = Release|Any CPU
	EndGlobalSection
	GlobalSection(ProjectConfigurationPlatforms) = postSolution
		{6816CBC9-A0BC-4978-A5FE-E98C1B718031}.Debug|Any CPU.ActiveCfg = Debug|Any CPU
		{6816CBC9-A0BC-4978-A5FE-E98C1B718031}.Debug|Any CPU.Build.0 = Debug|Any CPU
		{6816CBC9-A0BC-4978-A5FE-E98C1B718031}.Release|Any CPU.ActiveCfg = Release|Any CPU
		{6816CBC9-A0BC-4978-A5FE-E98C1B718031}.Release|Any CPU.Build.0 = Release|Any CPU
		{98E28C2D-75EF-4954-921B-734FABBD5987}.Debug|Any CPU.ActiveCfg = Debug|Any CPU
		{98E28C2D-75EF-4954-921B-734FABBD5987}.Debug|Any CPU.Build.0 = Debug|Any CPU
		{98E28C2D-75EF-4954-921B-734FABBD5987}.Release|Any CPU.ActiveCfg = Release|Any CPU
		{98E28C2D-75EF-4954-921B-734FABBD5987}.Release|Any CPU.Build.0 = Release|Any CPU
		{0050B517-7A7B-479A-8E02-41256F421A63}.Debug|Any CPU.ActiveCfg = Debug|Any CPU
		{0050B517-7A7B-479A-8E02-41256F421A63}.Debug|Any CPU.Build.0 = Debug|Any CPU
		{0050B517-7A7B-479A-8E02-41256F421A63}.Release|Any CPU.ActiveCfg = Release|Any CPU
		{0050B517-7A7B-479A-8E02-41256F421A63}.Release|Any CPU.Build.0 = Release|Any CPU
	EndGlobalSection
	GlobalSection(SolutionProperties) = preSolution
		HideSolutionNode = FALSE
	EndGlobalSection
EndGlobal
